
Microsoft Visual Studio Solution File, Format Version 12.00
# Visual Studio Version 17
VisualStudioVersion = 17.12.35527.113 d17.12
MinimumVisualStudioVersion = 10.0.40219.1
Project("{8BC9CEB8-8B4A-11D0-8D11-00A0C91BC942}") = "Homework", "Homework.vcxproj", "{BD044563-7B89-4DCE-A93C-94A2DF0E453D}"
EndProject
Project("{2150E333-8FDC-42A3-9474-1A3956D46DE8}") = "솔루션 항목", "솔루션 항목", "{4EB906B6-8117-4B75-9E32-77FB57BA2E8D}"
	ProjectSection(SolutionItems) = preProject
		.gitignore = .gitignore
	EndProjectSection
EndProject
Global
	GlobalSection(SolutionConfigurationPlatforms) = preSolution
		Debug|x64 = Debug|x64
		Debug|x86 = Debug|x86
		Release|x64 = Release|x64
		Release|x86 = Release|x86
	EndGlobalSection
	GlobalSection(ProjectConfigurationPlatforms) = postSolution
		{BD044563-7B89-4DCE-A93C-94A2DF0E453D}.Debug|x64.ActiveCfg = Debug|x64
		{BD044563-7B89-4DCE-A93C-94A2DF0E453D}.Debug|x64.Build.0 = Debug|x64
		{BD044563-7B89-4DCE-A93C-94A2DF0E453D}.Debug|x86.ActiveCfg = Debug|Win32
		{BD044563-7B89-4DCE-A93C-94A2DF0E453D}.Debug|x86.Build.0 = Debug|Win32
		{BD044563-7B89-4DCE-A93C-94A2DF0E453D}.Release|x64.ActiveCfg = Release|x64
		{BD044563-7B89-4DCE-A93C-94A2DF0E453D}.Release|x64.Build.0 = Release|x64
		{BD044563-7B89-4DCE-A93C-94A2DF0E453D}.Release|x86.ActiveCfg = Release|Win32
		{BD044563-7B89-4DCE-A93C-94A2DF0E453D}.Release|x86.Build.0 = Release|Win32
	EndGlobalSection
	GlobalSection(SolutionProperties) = preSolution
		HideSolutionNode = FALSE
	EndGlobalSection
EndGlobal
